
Microsoft Visual Studio Solution File, Format Version 12.00
# Visual Studio Version 16
VisualStudioVersion = 16.0.31605.320
MinimumVisualStudioVersion = 10.0.40219.1
Project("{9A19103F-16F7-4668-BE54-9A1E7A4F7556}") = "CheatMenu", "CheatMenu\CheatMenu.csproj", "{3F32317C-B41F-4067-88A3-F6564E83E6D3}"
EndProject
Global
	GlobalSection(SolutionConfigurationPlatforms) = preSolution
		Debug|Any CPU = Debug|Any CPU
		Release|Any CPU = Release|Any CPU
	EndGlobalSection
	GlobalSection(ProjectConfigurationPlatforms) = postSolution
		{3F32317C-B41F-4067-88A3-F6564E83E6D3}.Debug|Any CPU.ActiveCfg = Debug|Any CPU
		{3F32317C-B41F-4067-88A3-F6564E83E6D3}.Debug|Any CPU.Build.0 = Debug|Any CPU
		{3F32317C-B41F-4067-88A3-F6564E83E6D3}.Release|Any CPU.ActiveCfg = Release|Any CPU
		{3F32317C-B41F-4067-88A3-F6564E83E6D3}.Release|Any CPU.Build.0 = Release|Any CPU
	EndGlobalSection
	GlobalSection(SolutionProperties) = preSolution
		HideSolutionNode = FALSE
	EndGlobalSection
	GlobalSection(ExtensibilityGlobals) = postSolution
		SolutionGuid = {359105DB-2222-447C-9C4A-5D05D17F538E}
	EndGlobalSection
EndGlobal
